
Microsoft Visual Studio Solution File, Format Version 12.00
# Visual Studio 2015
Project("{FAE04EC0-301F-11D3-BF4B-00C04F79EFBC}") = "Quidditch.CSharp.Plugins", "Quidditch.CSharp.Plugins.csproj", "{4579C475-E240-5FE2-AA0C-88BA5836CA42}"
EndProject
Project("{FAE04EC0-301F-11D3-BF4B-00C04F79EFBC}") = "Quidditch.CSharp", "Quidditch.CSharp.csproj", "{EE4BA3AB-74A2-0200-FEED-9FAB0D0FDAD7}"
EndProject
Project("{FAE04EC0-301F-11D3-BF4B-00C04F79EFBC}") = "Quidditch.CSharp.Editor", "Quidditch.CSharp.Editor.csproj", "{6A378D9E-62DA-2C2E-EE08-B2C6EAA46AAA}"
EndProject
Global
	GlobalSection(SolutionConfigurationPlatforms) = preSolution
		Debug|Any CPU = Debug|Any CPU
		Release|Any CPU = Release|Any CPU
	EndGlobalSection
	GlobalSection(ProjectConfigurationPlatforms) = postSolution
		{4579C475-E240-5FE2-AA0C-88BA5836CA42}.Debug|Any CPU.ActiveCfg = Debug|Any CPU
		{4579C475-E240-5FE2-AA0C-88BA5836CA42}.Debug|Any CPU.Build.0 = Debug|Any CPU
		{4579C475-E240-5FE2-AA0C-88BA5836CA42}.Release|Any CPU.ActiveCfg = Release|Any CPU
		{4579C475-E240-5FE2-AA0C-88BA5836CA42}.Release|Any CPU.Build.0 = Release|Any CPU
		{EE4BA3AB-74A2-0200-FEED-9FAB0D0FDAD7}.Debug|Any CPU.ActiveCfg = Debug|Any CPU
		{EE4BA3AB-74A2-0200-FEED-9FAB0D0FDAD7}.Debug|Any CPU.Build.0 = Debug|Any CPU
		{EE4BA3AB-74A2-0200-FEED-9FAB0D0FDAD7}.Release|Any CPU.ActiveCfg = Release|Any CPU
		{EE4BA3AB-74A2-0200-FEED-9FAB0D0FDAD7}.Release|Any CPU.Build.0 = Release|Any CPU
		{6A378D9E-62DA-2C2E-EE08-B2C6EAA46AAA}.Debug|Any CPU.ActiveCfg = Debug|Any CPU
		{6A378D9E-62DA-2C2E-EE08-B2C6EAA46AAA}.Debug|Any CPU.Build.0 = Debug|Any CPU
		{6A378D9E-62DA-2C2E-EE08-B2C6EAA46AAA}.Release|Any CPU.ActiveCfg = Release|Any CPU
		{6A378D9E-62DA-2C2E-EE08-B2C6EAA46AAA}.Release|Any CPU.Build.0 = Release|Any CPU
	EndGlobalSection
	GlobalSection(SolutionProperties) = preSolution
		HideSolutionNode = FALSE
	EndGlobalSection
EndGlobal
